
Microsoft Visual Studio Solution File, Format Version 12.00
# Visual Studio Version 17
VisualStudioVersion = 17.14.36518.9 d17.14
MinimumVisualStudioVersion = 10.0.40219.1
Project("{8BC9CEB8-8B4A-11D0-8D11-00A0C91BC942}") = "ProjCPP", "ProjCPP\ProjCPP.vcxproj", "{4D741139-72F1-460C-BC19-EAD74C16D21B}"
EndProject
Global
	GlobalSection(SolutionConfigurationPlatforms) = preSolution
		Debug|x64 = Debug|x64
		Release|x64 = Release|x64
	EndGlobalSection
	GlobalSection(ProjectConfigurationPlatforms) = postSolution
		{4D741139-72F1-460C-BC19-EAD74C16D21B}.Debug|x64.ActiveCfg = Debug|x64
		{4D741139-72F1-460C-BC19-EAD74C16D21B}.Debug|x64.Build.0 = Debug|x64
		{4D741139-72F1-460C-BC19-EAD74C16D21B}.Release|x64.ActiveCfg = Release|x64
		{4D741139-72F1-460C-BC19-EAD74C16D21B}.Release|x64.Build.0 = Release|x64
	EndGlobalSection
	GlobalSection(SolutionProperties) = preSolution
		HideSolutionNode = FALSE
	EndGlobalSection
	GlobalSection(ExtensibilityGlobals) = postSolution
		SolutionGuid = {906C0E8E-0F1C-45C6-83C2-F67FC11DF3C4}
	EndGlobalSection
EndGlobal
